
Microsoft Visual Studio Solution File, Format Version 12.00
# Visual Studio Version 16
VisualStudioVersion = 16.0.29709.97
MinimumVisualStudioVersion = 10.0.40219.1
Project("{FAE04EC0-301F-11D3-BF4B-00C04F79EFBC}") = "Microsoft.Bcl.Build.Symbols", "Microsoft.Bcl.Build.Symbols\Microsoft.Bcl.Build.Symbols.csproj", "{A619D960-0942-47BC-B908-F940ECBFA1E1}"
EndProject
Project("{2150E333-8FDC-42A3-9474-1A3956D46DE8}") = ".nuget", ".nuget", "{2C7D4C79-E876-4DE4-806A-D02EB3C14B9B}"
	ProjectSection(SolutionItems) = preProject
		.nuget\NuGet.Config = .nuget\NuGet.Config
	EndProjectSection
EndProject
Project("{2150E333-8FDC-42A3-9474-1A3956D46DE8}") = "Solution Items", "Solution Items", "{601B7835-A1B0-4B4D-83A3-5F3CAD74944B}"
	ProjectSection(SolutionItems) = preProject
		.editoricon.png = .editoricon.png
		.gitattributes = .gitattributes
		.gitignore = .gitignore
		build.cake = build.cake
		build.ps1 = build.ps1
		build.sh = build.sh
		CHANGELOG.md = CHANGELOG.md
		LICENSE = LICENSE
		README.md = README.md
	EndProjectSection
EndProject
Project("{2150E333-8FDC-42A3-9474-1A3956D46DE8}") = "Examples", "Examples", "{2C7126CD-8E20-4D6D-8DBF-CD2AEC823479}"
EndProject
Project("{FAE04EC0-301F-11D3-BF4B-00C04F79EFBC}") = "NETFX20", "Examples\NETFX20\NETFX20.csproj", "{98540AAC-0993-4E08-8ACD-A6937869801F}"
EndProject
Project("{FAE04EC0-301F-11D3-BF4B-00C04F79EFBC}") = "NETFX40", "Examples\NETFX40\NETFX40.csproj", "{13738FC8-0A14-497E-BDE8-FF72FC90DBB9}"
EndProject
Project("{FAE04EC0-301F-11D3-BF4B-00C04F79EFBC}") = "NETFX462_CONSOLE", "Examples\NETFX462_CONSOLE\NETFX462_CONSOLE.csproj", "{55925EFB-3933-4DE1-B645-C84F12E5679D}"
EndProject
Project("{FAE04EC0-301F-11D3-BF4B-00C04F79EFBC}") = "XAMARIN_DROID", "Examples\XAMARIN_DROID\XAMARIN_DROID.csproj", "{4C9D7727-A78B-4A02-AEA1-7218722915C5}"
EndProject
Project("{FAE04EC0-301F-11D3-BF4B-00C04F79EFBC}") = "XAMARIN_IOS", "Examples\XAMARIN_IOS\XAMARIN_IOS.csproj", "{244247BC-D352-4314-9243-DB563798474C}"
EndProject
Project("{FAE04EC0-301F-11D3-BF4B-00C04F79EFBC}") = "NETFX47", "Examples\NETFX47\NETFX47.csproj", "{32F4F817-99FB-4C42-8D8C-D8F0E9782D8E}"
EndProject
Project("{FAE04EC0-301F-11D3-BF4B-00C04F79EFBC}") = "NETFX_PCL", "Examples\NETFX_PCL\NETFX_PCL.csproj", "{CA2AFFC3-16AA-47C4-A930-6F9F556281C2}"
EndProject
Project("{FAE04EC0-301F-11D3-BF4B-00C04F79EFBC}") = "NETCORE_CONSOLE", "Examples\NETCORE_CONSOLE\NETCORE_CONSOLE.csproj", "{D8EF7A86-8E8B-473F-B5B5-8C8DA73DF3AB}"
EndProject
Project("{FAE04EC0-301F-11D3-BF4B-00C04F79EFBC}") = "NETSTANDARD", "Examples\NETSTANDARD\NETSTANDARD.csproj", "{471345D1-40FF-4990-B056-13E2F6C50674}"
EndProject
Global
	GlobalSection(SolutionConfigurationPlatforms) = preSolution
		Debug|Any CPU = Debug|Any CPU
		Release|Any CPU = Release|Any CPU
	EndGlobalSection
	GlobalSection(ProjectConfigurationPlatforms) = postSolution
		{A619D960-0942-47BC-B908-F940ECBFA1E1}.Debug|Any CPU.ActiveCfg = Debug|Any CPU
		{A619D960-0942-47BC-B908-F940ECBFA1E1}.Debug|Any CPU.Build.0 = Debug|Any CPU
		{A619D960-0942-47BC-B908-F940ECBFA1E1}.Release|Any CPU.ActiveCfg = Release|Any CPU
		{A619D960-0942-47BC-B908-F940ECBFA1E1}.Release|Any CPU.Build.0 = Release|Any CPU
		{98540AAC-0993-4E08-8ACD-A6937869801F}.Debug|Any CPU.ActiveCfg = Debug|Any CPU
		{98540AAC-0993-4E08-8ACD-A6937869801F}.Debug|Any CPU.Build.0 = Debug|Any CPU
		{98540AAC-0993-4E08-8ACD-A6937869801F}.Release|Any CPU.ActiveCfg = Release|Any CPU
		{13738FC8-0A14-497E-BDE8-FF72FC90DBB9}.Debug|Any CPU.ActiveCfg = Debug|Any CPU
		{13738FC8-0A14-497E-BDE8-FF72FC90DBB9}.Debug|Any CPU.Build.0 = Debug|Any CPU
		{13738FC8-0A14-497E-BDE8-FF72FC90DBB9}.Release|Any CPU.ActiveCfg = Release|Any CPU
		{55925EFB-3933-4DE1-B645-C84F12E5679D}.Debug|Any CPU.ActiveCfg = Debug|Any CPU
		{55925EFB-3933-4DE1-B645-C84F12E5679D}.Debug|Any CPU.Build.0 = Debug|Any CPU
		{55925EFB-3933-4DE1-B645-C84F12E5679D}.Release|Any CPU.ActiveCfg = Release|Any CPU
		{4C9D7727-A78B-4A02-AEA1-7218722915C5}.Debug|Any CPU.ActiveCfg = Debug|Any CPU
		{4C9D7727-A78B-4A02-AEA1-7218722915C5}.Debug|Any CPU.Build.0 = Debug|Any CPU
		{4C9D7727-A78B-4A02-AEA1-7218722915C5}.Release|Any CPU.ActiveCfg = Release|Any CPU
		{244247BC-D352-4314-9243-DB563798474C}.Debug|Any CPU.ActiveCfg = Debug|Any CPU
		{244247BC-D352-4314-9243-DB563798474C}.Debug|Any CPU.Build.0 = Debug|Any CPU
		{244247BC-D352-4314-9243-DB563798474C}.Release|Any CPU.ActiveCfg = Release|Any CPU
		{32F4F817-99FB-4C42-8D8C-D8F0E9782D8E}.Debug|Any CPU.ActiveCfg = Debug|Any CPU
		{32F4F817-99FB-4C42-8D8C-D8F0E9782D8E}.Debug|Any CPU.Build.0 = Debug|Any CPU
		{32F4F817-99FB-4C42-8D8C-D8F0E9782D8E}.Release|Any CPU.ActiveCfg = Release|Any CPU
		{CA2AFFC3-16AA-47C4-A930-6F9F556281C2}.Debug|Any CPU.ActiveCfg = Debug|Any CPU
		{CA2AFFC3-16AA-47C4-A930-6F9F556281C2}.Debug|Any CPU.Build.0 = Debug|Any CPU
		{CA2AFFC3-16AA-47C4-A930-6F9F556281C2}.Release|Any CPU.ActiveCfg = Release|Any CPU
		{D8EF7A86-8E8B-473F-B5B5-8C8DA73DF3AB}.Debug|Any CPU.ActiveCfg = Debug|Any CPU
		{D8EF7A86-8E8B-473F-B5B5-8C8DA73DF3AB}.Debug|Any CPU.Build.0 = Debug|Any CPU
		{D8EF7A86-8E8B-473F-B5B5-8C8DA73DF3AB}.Release|Any CPU.ActiveCfg = Release|Any CPU
		{471345D1-40FF-4990-B056-13E2F6C50674}.Debug|Any CPU.ActiveCfg = Debug|Any CPU
		{471345D1-40FF-4990-B056-13E2F6C50674}.Debug|Any CPU.Build.0 = Debug|Any CPU
		{471345D1-40FF-4990-B056-13E2F6C50674}.Release|Any CPU.ActiveCfg = Release|Any CPU
	EndGlobalSection
	GlobalSection(SolutionProperties) = preSolution
		HideSolutionNode = FALSE
	EndGlobalSection
	GlobalSection(ExtensibilityGlobals) = postSolution
		SolutionGuid = {F46497FA-D57A-4592-80D2-0B1A18C99B15}
	EndGlobalSection
	GlobalSection(NestedProjects) = preSolution
		{2C7D4C79-E876-4DE4-806A-D02EB3C14B9B} = {601B7835-A1B0-4B4D-83A3-5F3CAD74944B}
		{98540AAC-0993-4E08-8ACD-A6937869801F} = {2C7126CD-8E20-4D6D-8DBF-CD2AEC823479}
		{13738FC8-0A14-497E-BDE8-FF72FC90DBB9} = {2C7126CD-8E20-4D6D-8DBF-CD2AEC823479}
		{55925EFB-3933-4DE1-B645-C84F12E5679D} = {2C7126CD-8E20-4D6D-8DBF-CD2AEC823479}
		{4C9D7727-A78B-4A02-AEA1-7218722915C5} = {2C7126CD-8E20-4D6D-8DBF-CD2AEC823479}
		{244247BC-D352-4314-9243-DB563798474C} = {2C7126CD-8E20-4D6D-8DBF-CD2AEC823479}
		{32F4F817-99FB-4C42-8D8C-D8F0E9782D8E} = {2C7126CD-8E20-4D6D-8DBF-CD2AEC823479}
		{CA2AFFC3-16AA-47C4-A930-6F9F556281C2} = {2C7126CD-8E20-4D6D-8DBF-CD2AEC823479}
		{D8EF7A86-8E8B-473F-B5B5-8C8DA73DF3AB} = {2C7126CD-8E20-4D6D-8DBF-CD2AEC823479}
		{471345D1-40FF-4990-B056-13E2F6C50674} = {2C7126CD-8E20-4D6D-8DBF-CD2AEC823479}
	EndGlobalSection
EndGlobal
