
Microsoft Visual Studio Solution File, Format Version 12.00
# Visual Studio Version 16
VisualStudioVersion = 16.0.29709.97
MinimumVisualStudioVersion = 10.0.40219.1
Project("{FAE04EC0-301F-11D3-BF4B-00C04F79EFBC}") = "Microsoft.Bcl.Build.Symbols", "Microsoft.Bcl.Build.Symbols\Microsoft.Bcl.Build.Symbols.csproj", "{A619D960-0942-47BC-B908-F940ECBFA1E1}"
EndProject
Project("{2150E333-8FDC-42A3-9474-1A3956D46DE8}") = ".nuget", ".nuget", "{2C7D4C79-E876-4DE4-806A-D02EB3C14B9B}"
	ProjectSection(SolutionItems) = preProject
		.nuget\NuGet.Config = .nuget\NuGet.Config
	EndProjectSection
EndProject
Project("{2150E333-8FDC-42A3-9474-1A3956D46DE8}") = "Solution Items", "Solution Items", "{601B7835-A1B0-4B4D-83A3-5F3CAD74944B}"
	ProjectSection(SolutionItems) = preProject
		.editoricon.png = .editoricon.png
		..\.gitattributes = ..\.gitattributes
		..\.gitignore = ..\.gitignore
		build.cake = build.cake
		build.ps1 = build.ps1
		build.sh = build.sh
		..\CHANGELOG.md = ..\CHANGELOG.md
		..\LICENSE = ..\LICENSE
		..\README.md = ..\README.md
	EndProjectSection
EndProject
Project("{2150E333-8FDC-42A3-9474-1A3956D46DE8}") = "Examples", "Examples", "{2C7126CD-8E20-4D6D-8DBF-CD2AEC823479}"
EndProject
Project("{FAE04EC0-301F-11D3-BF4B-00C04F79EFBC}") = "NETFX20", "Examples\NETFX20\NETFX20.csproj", "{98540AAC-0993-4E08-8ACD-A6937869801F}"
EndProject
Project("{FAE04EC0-301F-11D3-BF4B-00C04F79EFBC}") = "NETFX40", "Examples\NETFX40\NETFX40.csproj", "{13738FC8-0A14-497E-BDE8-FF72FC90DBB9}"
EndProject
Project("{FAE04EC0-301F-11D3-BF4B-00C04F79EFBC}") = "XAMARIN_DROID", "Examples\XAMARIN_DROID\XAMARIN_DROID.csproj", "{4C9D7727-A78B-4A02-AEA1-7218722915C5}"
EndProject
Project("{FAE04EC0-301F-11D3-BF4B-00C04F79EFBC}") = "XAMARIN_IOS", "Examples\XAMARIN_IOS\XAMARIN_IOS.csproj", "{244247BC-D352-4314-9243-DB563798474C}"
EndProject
Project("{FAE04EC0-301F-11D3-BF4B-00C04F79EFBC}") = "NETFX47", "Examples\NETFX47\NETFX47.csproj", "{32F4F817-99FB-4C42-8D8C-D8F0E9782D8E}"
EndProject
Project("{FAE04EC0-301F-11D3-BF4B-00C04F79EFBC}") = "NETFX_PCL", "Examples\NETFX_PCL\NETFX_PCL.csproj", "{CA2AFFC3-16AA-47C4-A930-6F9F556281C2}"
EndProject
Project("{FAE04EC0-301F-11D3-BF4B-00C04F79EFBC}") = "NETFX35", "Examples\NETFX35\NETFX35.csproj", "{F7C89505-D1DF-4769-8690-CB851E22A3F2}"
EndProject
Project("{FAE04EC0-301F-11D3-BF4B-00C04F79EFBC}") = "NETFX30", "Examples\NETFX30\NETFX30.csproj", "{8ACAD12A-335B-4071-9DCD-895521F323D5}"
EndProject
Project("{FAE04EC0-301F-11D3-BF4B-00C04F79EFBC}") = "NETFX45", "Examples\NETFX45\NETFX45.csproj", "{3B247F43-472F-4BBE-A720-7D514C5F38C6}"
EndProject
Project("{FAE04EC0-301F-11D3-BF4B-00C04F79EFBC}") = "NETFX46", "Examples\NETFX46\NETFX46.csproj", "{8DEA6BF2-91CA-4889-8B6A-A791C5EBC136}"
EndProject
Project("{FAE04EC0-301F-11D3-BF4B-00C04F79EFBC}") = "NETFX451", "Examples\NETFX451\NETFX451.csproj", "{686F38A3-A9CE-4217-B113-A5D6FCB1C5C9}"
EndProject
Project("{FAE04EC0-301F-11D3-BF4B-00C04F79EFBC}") = "NETFX452", "Examples\NETFX452\NETFX452.csproj", "{93EAF5BA-B843-449D-8DBD-2119E37708FA}"
EndProject
Project("{FAE04EC0-301F-11D3-BF4B-00C04F79EFBC}") = "NETFX461", "Examples\NETFX461\NETFX461.csproj", "{DB53B076-5C9D-4E63-9807-8439EAD6F07A}"
EndProject
Project("{FAE04EC0-301F-11D3-BF4B-00C04F79EFBC}") = "NETFX462", "Examples\NETFX462\NETFX462.csproj", "{6D34F8A4-0B93-4126-8251-C0F9CCE2DF7A}"
EndProject
Project("{FAE04EC0-301F-11D3-BF4B-00C04F79EFBC}") = "NETFX472", "Examples\NETFX472\NETFX472.csproj", "{22749CDC-9CBD-4496-8978-2F522D8DED26}"
EndProject
Project("{FAE04EC0-301F-11D3-BF4B-00C04F79EFBC}") = "NETFX471", "Examples\NETFX471\NETFX471.csproj", "{A53B9B7B-CD27-4887-A25B-2D10D415EF57}"
EndProject
Project("{FAE04EC0-301F-11D3-BF4B-00C04F79EFBC}") = "NETFX48", "Examples\NETFX48\NETFX48.csproj", "{0F2150DF-D76E-43A9-BD21-3AB84508DBCA}"
EndProject
Project("{2150E333-8FDC-42A3-9474-1A3956D46DE8}") = "NETFX", "NETFX", "{79D4E3DF-48E0-412E-A165-053FBC3EFBF7}"
EndProject
Project("{2150E333-8FDC-42A3-9474-1A3956D46DE8}") = "PCL", "PCL", "{06F84B42-1B3E-46D5-BBF9-5967B77BAD00}"
EndProject
Project("{2150E333-8FDC-42A3-9474-1A3956D46DE8}") = "XAMARIN", "XAMARIN", "{56378A2E-A684-4C0B-81CD-8BED8D02B3D8}"
EndProject
Project("{2150E333-8FDC-42A3-9474-1A3956D46DE8}") = "NETCORE", "NETCORE", "{09749C0F-E565-4B66-85D9-617794D23235}"
EndProject
Project("{9A19103F-16F7-4668-BE54-9A1E7A4F7556}") = "NETCORE10", "Examples\NETCORE10\NETCORE10.csproj", "{D94FFF98-5AB7-42BF-88E7-B10F130BE816}"
EndProject
Project("{9A19103F-16F7-4668-BE54-9A1E7A4F7556}") = "NETCORE11", "Examples\NETCORE11\NETCORE11.csproj", "{6817E56F-3B07-4C0D-A83A-4DCD8B0DA4A4}"
EndProject
Project("{9A19103F-16F7-4668-BE54-9A1E7A4F7556}") = "NETCORE20", "Examples\NETCORE20\NETCORE20.csproj", "{5CB8F2BC-E1B4-4A46-9F9E-55BFD74F56C1}"
EndProject
Project("{9A19103F-16F7-4668-BE54-9A1E7A4F7556}") = "NETCORE21", "Examples\NETCORE21\NETCORE21.csproj", "{43BDD9D6-4B39-4945-9BF4-72FD5552DA18}"
EndProject
Project("{9A19103F-16F7-4668-BE54-9A1E7A4F7556}") = "NETCORE22", "Examples\NETCORE22\NETCORE22.csproj", "{06646E18-3544-47A4-A4D1-4D4B71AE0180}"
EndProject
Project("{9A19103F-16F7-4668-BE54-9A1E7A4F7556}") = "NETCORE30", "Examples\NETCORE30\NETCORE30.csproj", "{BFB253C1-3002-4FCB-AC54-C0B14E22DD8A}"
EndProject
Project("{9A19103F-16F7-4668-BE54-9A1E7A4F7556}") = "NETCORE31", "Examples\NETCORE31\NETCORE31.csproj", "{D395CCC7-85A6-4139-BB00-1691304EF599}"
EndProject
Project("{2150E333-8FDC-42A3-9474-1A3956D46DE8}") = "NETSTANDARD", "NETSTANDARD", "{72AA72E7-04FA-40C1-9FA8-59241B7ACD53}"
EndProject
Project("{9A19103F-16F7-4668-BE54-9A1E7A4F7556}") = "NETSTANDARD10", "Examples\NETSTANDARD10\NETSTANDARD10.csproj", "{6B4FD7EE-DD6D-4076-97E7-3BBE3F8E2195}"
EndProject
Project("{9A19103F-16F7-4668-BE54-9A1E7A4F7556}") = "NETSTANDARD11", "Examples\NETSTANDARD11\NETSTANDARD11.csproj", "{69E35EE2-4CE7-4DEC-93CA-055F8B41BDD0}"
EndProject
Project("{9A19103F-16F7-4668-BE54-9A1E7A4F7556}") = "NETSTANDARD12", "Examples\NETSTANDARD12\NETSTANDARD12.csproj", "{36EE7287-2DD1-40EA-8942-B7696825B97E}"
EndProject
Project("{9A19103F-16F7-4668-BE54-9A1E7A4F7556}") = "NETSTANDARD13", "Examples\NETSTANDARD13\NETSTANDARD13.csproj", "{292BFB42-787C-42BE-88A1-9A430BD58191}"
EndProject
Project("{9A19103F-16F7-4668-BE54-9A1E7A4F7556}") = "NETSTANDARD14", "Examples\NETSTANDARD14\NETSTANDARD14.csproj", "{F37B4860-E803-4D6A-82DD-78EA827F91DB}"
EndProject
Project("{9A19103F-16F7-4668-BE54-9A1E7A4F7556}") = "NETSTANDARD15", "Examples\NETSTANDARD15\NETSTANDARD15.csproj", "{C96971F0-C784-4D35-BF30-B8E5F58A6EB0}"
EndProject
Project("{9A19103F-16F7-4668-BE54-9A1E7A4F7556}") = "NETSTANDARD16", "Examples\NETSTANDARD16\NETSTANDARD16.csproj", "{0E98142A-4ED2-462C-8F92-6A14DE103428}"
EndProject
Project("{9A19103F-16F7-4668-BE54-9A1E7A4F7556}") = "NETSTANDARD20", "Examples\NETSTANDARD20\NETSTANDARD20.csproj", "{42CDAA4D-7935-49B6-94AA-E961BC134A79}"
EndProject
Project("{9A19103F-16F7-4668-BE54-9A1E7A4F7556}") = "NETSTANDARD21", "Examples\NETSTANDARD21\NETSTANDARD21.csproj", "{EA403135-CB5D-4B03-84BC-838E69BCB6EE}"
EndProject
Global
	GlobalSection(SolutionConfigurationPlatforms) = preSolution
		Debug|Any CPU = Debug|Any CPU
		Release|Any CPU = Release|Any CPU
	EndGlobalSection
	GlobalSection(ProjectConfigurationPlatforms) = postSolution
		{A619D960-0942-47BC-B908-F940ECBFA1E1}.Debug|Any CPU.ActiveCfg = Debug|Any CPU
		{A619D960-0942-47BC-B908-F940ECBFA1E1}.Debug|Any CPU.Build.0 = Debug|Any CPU
		{A619D960-0942-47BC-B908-F940ECBFA1E1}.Release|Any CPU.ActiveCfg = Release|Any CPU
		{A619D960-0942-47BC-B908-F940ECBFA1E1}.Release|Any CPU.Build.0 = Release|Any CPU
		{98540AAC-0993-4E08-8ACD-A6937869801F}.Debug|Any CPU.ActiveCfg = Debug|Any CPU
		{98540AAC-0993-4E08-8ACD-A6937869801F}.Release|Any CPU.ActiveCfg = Release|Any CPU
		{13738FC8-0A14-497E-BDE8-FF72FC90DBB9}.Debug|Any CPU.ActiveCfg = Debug|Any CPU
		{13738FC8-0A14-497E-BDE8-FF72FC90DBB9}.Release|Any CPU.ActiveCfg = Release|Any CPU
		{4C9D7727-A78B-4A02-AEA1-7218722915C5}.Debug|Any CPU.ActiveCfg = Debug|Any CPU
		{4C9D7727-A78B-4A02-AEA1-7218722915C5}.Release|Any CPU.ActiveCfg = Release|Any CPU
		{244247BC-D352-4314-9243-DB563798474C}.Debug|Any CPU.ActiveCfg = Debug|Any CPU
		{244247BC-D352-4314-9243-DB563798474C}.Release|Any CPU.ActiveCfg = Release|Any CPU
		{32F4F817-99FB-4C42-8D8C-D8F0E9782D8E}.Debug|Any CPU.ActiveCfg = Debug|Any CPU
		{32F4F817-99FB-4C42-8D8C-D8F0E9782D8E}.Release|Any CPU.ActiveCfg = Release|Any CPU
		{CA2AFFC3-16AA-47C4-A930-6F9F556281C2}.Debug|Any CPU.ActiveCfg = Debug|Any CPU
		{CA2AFFC3-16AA-47C4-A930-6F9F556281C2}.Release|Any CPU.ActiveCfg = Release|Any CPU
		{F7C89505-D1DF-4769-8690-CB851E22A3F2}.Debug|Any CPU.ActiveCfg = Debug|Any CPU
		{F7C89505-D1DF-4769-8690-CB851E22A3F2}.Release|Any CPU.ActiveCfg = Release|Any CPU
		{8ACAD12A-335B-4071-9DCD-895521F323D5}.Debug|Any CPU.ActiveCfg = Debug|Any CPU
		{8ACAD12A-335B-4071-9DCD-895521F323D5}.Release|Any CPU.ActiveCfg = Release|Any CPU
		{3B247F43-472F-4BBE-A720-7D514C5F38C6}.Debug|Any CPU.ActiveCfg = Debug|Any CPU
		{3B247F43-472F-4BBE-A720-7D514C5F38C6}.Release|Any CPU.ActiveCfg = Release|Any CPU
		{8DEA6BF2-91CA-4889-8B6A-A791C5EBC136}.Debug|Any CPU.ActiveCfg = Debug|Any CPU
		{8DEA6BF2-91CA-4889-8B6A-A791C5EBC136}.Release|Any CPU.ActiveCfg = Release|Any CPU
		{686F38A3-A9CE-4217-B113-A5D6FCB1C5C9}.Debug|Any CPU.ActiveCfg = Debug|Any CPU
		{686F38A3-A9CE-4217-B113-A5D6FCB1C5C9}.Release|Any CPU.ActiveCfg = Release|Any CPU
		{93EAF5BA-B843-449D-8DBD-2119E37708FA}.Debug|Any CPU.ActiveCfg = Debug|Any CPU
		{93EAF5BA-B843-449D-8DBD-2119E37708FA}.Release|Any CPU.ActiveCfg = Release|Any CPU
		{DB53B076-5C9D-4E63-9807-8439EAD6F07A}.Debug|Any CPU.ActiveCfg = Debug|Any CPU
		{DB53B076-5C9D-4E63-9807-8439EAD6F07A}.Release|Any CPU.ActiveCfg = Release|Any CPU
		{6D34F8A4-0B93-4126-8251-C0F9CCE2DF7A}.Debug|Any CPU.ActiveCfg = Debug|Any CPU
		{6D34F8A4-0B93-4126-8251-C0F9CCE2DF7A}.Release|Any CPU.ActiveCfg = Release|Any CPU
		{22749CDC-9CBD-4496-8978-2F522D8DED26}.Debug|Any CPU.ActiveCfg = Debug|Any CPU
		{22749CDC-9CBD-4496-8978-2F522D8DED26}.Release|Any CPU.ActiveCfg = Release|Any CPU
		{A53B9B7B-CD27-4887-A25B-2D10D415EF57}.Debug|Any CPU.ActiveCfg = Debug|Any CPU
		{A53B9B7B-CD27-4887-A25B-2D10D415EF57}.Release|Any CPU.ActiveCfg = Release|Any CPU
		{0F2150DF-D76E-43A9-BD21-3AB84508DBCA}.Debug|Any CPU.ActiveCfg = Debug|Any CPU
		{0F2150DF-D76E-43A9-BD21-3AB84508DBCA}.Release|Any CPU.ActiveCfg = Release|Any CPU
		{D94FFF98-5AB7-42BF-88E7-B10F130BE816}.Debug|Any CPU.ActiveCfg = Debug|Any CPU
		{D94FFF98-5AB7-42BF-88E7-B10F130BE816}.Release|Any CPU.ActiveCfg = Release|Any CPU
		{6817E56F-3B07-4C0D-A83A-4DCD8B0DA4A4}.Debug|Any CPU.ActiveCfg = Debug|Any CPU
		{6817E56F-3B07-4C0D-A83A-4DCD8B0DA4A4}.Release|Any CPU.ActiveCfg = Release|Any CPU
		{5CB8F2BC-E1B4-4A46-9F9E-55BFD74F56C1}.Debug|Any CPU.ActiveCfg = Debug|Any CPU
		{5CB8F2BC-E1B4-4A46-9F9E-55BFD74F56C1}.Release|Any CPU.ActiveCfg = Release|Any CPU
		{43BDD9D6-4B39-4945-9BF4-72FD5552DA18}.Debug|Any CPU.ActiveCfg = Debug|Any CPU
		{43BDD9D6-4B39-4945-9BF4-72FD5552DA18}.Release|Any CPU.ActiveCfg = Release|Any CPU
		{06646E18-3544-47A4-A4D1-4D4B71AE0180}.Debug|Any CPU.ActiveCfg = Debug|Any CPU
		{06646E18-3544-47A4-A4D1-4D4B71AE0180}.Release|Any CPU.ActiveCfg = Release|Any CPU
		{BFB253C1-3002-4FCB-AC54-C0B14E22DD8A}.Debug|Any CPU.ActiveCfg = Debug|Any CPU
		{BFB253C1-3002-4FCB-AC54-C0B14E22DD8A}.Release|Any CPU.ActiveCfg = Release|Any CPU
		{D395CCC7-85A6-4139-BB00-1691304EF599}.Debug|Any CPU.ActiveCfg = Debug|Any CPU
		{D395CCC7-85A6-4139-BB00-1691304EF599}.Release|Any CPU.ActiveCfg = Release|Any CPU
		{6B4FD7EE-DD6D-4076-97E7-3BBE3F8E2195}.Debug|Any CPU.ActiveCfg = Debug|Any CPU
		{6B4FD7EE-DD6D-4076-97E7-3BBE3F8E2195}.Release|Any CPU.ActiveCfg = Release|Any CPU
		{69E35EE2-4CE7-4DEC-93CA-055F8B41BDD0}.Debug|Any CPU.ActiveCfg = Debug|Any CPU
		{69E35EE2-4CE7-4DEC-93CA-055F8B41BDD0}.Release|Any CPU.ActiveCfg = Release|Any CPU
		{36EE7287-2DD1-40EA-8942-B7696825B97E}.Debug|Any CPU.ActiveCfg = Debug|Any CPU
		{36EE7287-2DD1-40EA-8942-B7696825B97E}.Release|Any CPU.ActiveCfg = Release|Any CPU
		{292BFB42-787C-42BE-88A1-9A430BD58191}.Debug|Any CPU.ActiveCfg = Debug|Any CPU
		{292BFB42-787C-42BE-88A1-9A430BD58191}.Release|Any CPU.ActiveCfg = Release|Any CPU
		{F37B4860-E803-4D6A-82DD-78EA827F91DB}.Debug|Any CPU.ActiveCfg = Debug|Any CPU
		{F37B4860-E803-4D6A-82DD-78EA827F91DB}.Release|Any CPU.ActiveCfg = Release|Any CPU
		{C96971F0-C784-4D35-BF30-B8E5F58A6EB0}.Debug|Any CPU.ActiveCfg = Debug|Any CPU
		{C96971F0-C784-4D35-BF30-B8E5F58A6EB0}.Release|Any CPU.ActiveCfg = Release|Any CPU
		{0E98142A-4ED2-462C-8F92-6A14DE103428}.Debug|Any CPU.ActiveCfg = Debug|Any CPU
		{0E98142A-4ED2-462C-8F92-6A14DE103428}.Release|Any CPU.ActiveCfg = Release|Any CPU
		{42CDAA4D-7935-49B6-94AA-E961BC134A79}.Debug|Any CPU.ActiveCfg = Debug|Any CPU
		{42CDAA4D-7935-49B6-94AA-E961BC134A79}.Release|Any CPU.ActiveCfg = Release|Any CPU
		{EA403135-CB5D-4B03-84BC-838E69BCB6EE}.Debug|Any CPU.ActiveCfg = Debug|Any CPU
		{EA403135-CB5D-4B03-84BC-838E69BCB6EE}.Release|Any CPU.ActiveCfg = Release|Any CPU
	EndGlobalSection
	GlobalSection(SolutionProperties) = preSolution
		HideSolutionNode = FALSE
	EndGlobalSection
	GlobalSection(NestedProjects) = preSolution
		{2C7D4C79-E876-4DE4-806A-D02EB3C14B9B} = {601B7835-A1B0-4B4D-83A3-5F3CAD74944B}
		{98540AAC-0993-4E08-8ACD-A6937869801F} = {79D4E3DF-48E0-412E-A165-053FBC3EFBF7}
		{13738FC8-0A14-497E-BDE8-FF72FC90DBB9} = {79D4E3DF-48E0-412E-A165-053FBC3EFBF7}
		{4C9D7727-A78B-4A02-AEA1-7218722915C5} = {56378A2E-A684-4C0B-81CD-8BED8D02B3D8}
		{244247BC-D352-4314-9243-DB563798474C} = {56378A2E-A684-4C0B-81CD-8BED8D02B3D8}
		{32F4F817-99FB-4C42-8D8C-D8F0E9782D8E} = {79D4E3DF-48E0-412E-A165-053FBC3EFBF7}
		{CA2AFFC3-16AA-47C4-A930-6F9F556281C2} = {06F84B42-1B3E-46D5-BBF9-5967B77BAD00}
		{F7C89505-D1DF-4769-8690-CB851E22A3F2} = {79D4E3DF-48E0-412E-A165-053FBC3EFBF7}
		{8ACAD12A-335B-4071-9DCD-895521F323D5} = {79D4E3DF-48E0-412E-A165-053FBC3EFBF7}
		{3B247F43-472F-4BBE-A720-7D514C5F38C6} = {79D4E3DF-48E0-412E-A165-053FBC3EFBF7}
		{8DEA6BF2-91CA-4889-8B6A-A791C5EBC136} = {79D4E3DF-48E0-412E-A165-053FBC3EFBF7}
		{686F38A3-A9CE-4217-B113-A5D6FCB1C5C9} = {79D4E3DF-48E0-412E-A165-053FBC3EFBF7}
		{93EAF5BA-B843-449D-8DBD-2119E37708FA} = {79D4E3DF-48E0-412E-A165-053FBC3EFBF7}
		{DB53B076-5C9D-4E63-9807-8439EAD6F07A} = {79D4E3DF-48E0-412E-A165-053FBC3EFBF7}
		{6D34F8A4-0B93-4126-8251-C0F9CCE2DF7A} = {79D4E3DF-48E0-412E-A165-053FBC3EFBF7}
		{22749CDC-9CBD-4496-8978-2F522D8DED26} = {79D4E3DF-48E0-412E-A165-053FBC3EFBF7}
		{A53B9B7B-CD27-4887-A25B-2D10D415EF57} = {79D4E3DF-48E0-412E-A165-053FBC3EFBF7}
		{0F2150DF-D76E-43A9-BD21-3AB84508DBCA} = {79D4E3DF-48E0-412E-A165-053FBC3EFBF7}
		{79D4E3DF-48E0-412E-A165-053FBC3EFBF7} = {2C7126CD-8E20-4D6D-8DBF-CD2AEC823479}
		{06F84B42-1B3E-46D5-BBF9-5967B77BAD00} = {2C7126CD-8E20-4D6D-8DBF-CD2AEC823479}
		{56378A2E-A684-4C0B-81CD-8BED8D02B3D8} = {2C7126CD-8E20-4D6D-8DBF-CD2AEC823479}
		{09749C0F-E565-4B66-85D9-617794D23235} = {2C7126CD-8E20-4D6D-8DBF-CD2AEC823479}
		{D94FFF98-5AB7-42BF-88E7-B10F130BE816} = {09749C0F-E565-4B66-85D9-617794D23235}
		{6817E56F-3B07-4C0D-A83A-4DCD8B0DA4A4} = {09749C0F-E565-4B66-85D9-617794D23235}
		{5CB8F2BC-E1B4-4A46-9F9E-55BFD74F56C1} = {09749C0F-E565-4B66-85D9-617794D23235}
		{43BDD9D6-4B39-4945-9BF4-72FD5552DA18} = {09749C0F-E565-4B66-85D9-617794D23235}
		{06646E18-3544-47A4-A4D1-4D4B71AE0180} = {09749C0F-E565-4B66-85D9-617794D23235}
		{BFB253C1-3002-4FCB-AC54-C0B14E22DD8A} = {09749C0F-E565-4B66-85D9-617794D23235}
		{D395CCC7-85A6-4139-BB00-1691304EF599} = {09749C0F-E565-4B66-85D9-617794D23235}
		{72AA72E7-04FA-40C1-9FA8-59241B7ACD53} = {2C7126CD-8E20-4D6D-8DBF-CD2AEC823479}
		{6B4FD7EE-DD6D-4076-97E7-3BBE3F8E2195} = {72AA72E7-04FA-40C1-9FA8-59241B7ACD53}
		{69E35EE2-4CE7-4DEC-93CA-055F8B41BDD0} = {72AA72E7-04FA-40C1-9FA8-59241B7ACD53}
		{36EE7287-2DD1-40EA-8942-B7696825B97E} = {72AA72E7-04FA-40C1-9FA8-59241B7ACD53}
		{292BFB42-787C-42BE-88A1-9A430BD58191} = {72AA72E7-04FA-40C1-9FA8-59241B7ACD53}
		{F37B4860-E803-4D6A-82DD-78EA827F91DB} = {72AA72E7-04FA-40C1-9FA8-59241B7ACD53}
		{C96971F0-C784-4D35-BF30-B8E5F58A6EB0} = {72AA72E7-04FA-40C1-9FA8-59241B7ACD53}
		{0E98142A-4ED2-462C-8F92-6A14DE103428} = {72AA72E7-04FA-40C1-9FA8-59241B7ACD53}
		{42CDAA4D-7935-49B6-94AA-E961BC134A79} = {72AA72E7-04FA-40C1-9FA8-59241B7ACD53}
		{EA403135-CB5D-4B03-84BC-838E69BCB6EE} = {72AA72E7-04FA-40C1-9FA8-59241B7ACD53}
	EndGlobalSection
	GlobalSection(ExtensibilityGlobals) = postSolution
		SolutionGuid = {F46497FA-D57A-4592-80D2-0B1A18C99B15}
	EndGlobalSection
EndGlobal
